
Microsoft Visual Studio Solution File, Format Version 12.00
# Visual Studio 14
VisualStudioVersion = 14.0.25420.1
MinimumVisualStudioVersion = 10.0.40219.1
Project("{2150E333-8FDC-42A3-9474-1A3956D46DE8}") = "Solution Items", "Solution Items", "{7FB78A03-3E9B-4E43-9A47-77D868ACCFD9}"
	ProjectSection(SolutionItems) = preProject
		global.json = global.json
	EndProjectSection
EndProject
Project("{8BB2217D-0F2D-49D1-97BC-3654ED321F3B}") = "ZeroFormatter.DotNetCore.Tests", "test\ZeroFormatter.DotNetCore.Tests\ZeroFormatter.DotNetCore.Tests.xproj", "{0763A385-4EE0-45F3-8B20-0B0A71C74870}"
EndProject
Project("{8BB2217D-0F2D-49D1-97BC-3654ED321F3B}") = "ZeroFormatter.DotNetCore", "src\ZeroFormatter.DotNetCore\ZeroFormatter.DotNetCore.xproj", "{C8B036BD-4FA3-4BE2-A2E5-F4FCAED3C64D}"
EndProject
Project("{FAE04EC0-301F-11D3-BF4B-00C04F79EFBC}") = "ZeroFormatter", "src\ZeroFormatter\ZeroFormatter.csproj", "{82049AFE-0913-4FA4-B924-AD5354952154}"
EndProject
Project("{FAE04EC0-301F-11D3-BF4B-00C04F79EFBC}") = "ZeroFormatter.Tests", "src\ZeroFormatter.Tests\ZeroFormatter.Tests.csproj", "{419EF6DC-7A15-4B50-88A4-E2AEDB73FA7F}"
EndProject
Project("{FAE04EC0-301F-11D3-BF4B-00C04F79EFBC}") = "ZeroFormatterAnalyzer", "src\ZeroFormatterAnalyzer\ZeroFormatterAnalyzer.csproj", "{A15F092D-C6D9-4938-B288-7A8B6CF39A53}"
EndProject
Project("{FAE04EC0-301F-11D3-BF4B-00C04F79EFBC}") = "ZeroFormatterAnalyzer.Vsix", "src\ZeroFormatterAnalyzer.Vsix\ZeroFormatterAnalyzer.Vsix.csproj", "{C039E946-455C-478B-8FA3-733F9E0DF1BD}"
EndProject
Project("{FAE04EC0-301F-11D3-BF4B-00C04F79EFBC}") = "ZeroFormatter.CodeGenerator", "src\ZeroFormatter.CodeGenerator\ZeroFormatter.CodeGenerator.csproj", "{00F36123-EEEC-4428-89BD-848FC968B520}"
EndProject
Global
	GlobalSection(SolutionConfigurationPlatforms) = preSolution
		Debug|Any CPU = Debug|Any CPU
		Release|Any CPU = Release|Any CPU
	EndGlobalSection
	GlobalSection(ProjectConfigurationPlatforms) = postSolution
		{0763A385-4EE0-45F3-8B20-0B0A71C74870}.Debug|Any CPU.ActiveCfg = Debug|Any CPU
		{0763A385-4EE0-45F3-8B20-0B0A71C74870}.Debug|Any CPU.Build.0 = Debug|Any CPU
		{0763A385-4EE0-45F3-8B20-0B0A71C74870}.Release|Any CPU.ActiveCfg = Release|Any CPU
		{0763A385-4EE0-45F3-8B20-0B0A71C74870}.Release|Any CPU.Build.0 = Release|Any CPU
		{C8B036BD-4FA3-4BE2-A2E5-F4FCAED3C64D}.Debug|Any CPU.ActiveCfg = Debug|Any CPU
		{C8B036BD-4FA3-4BE2-A2E5-F4FCAED3C64D}.Debug|Any CPU.Build.0 = Debug|Any CPU
		{C8B036BD-4FA3-4BE2-A2E5-F4FCAED3C64D}.Release|Any CPU.ActiveCfg = Release|Any CPU
		{C8B036BD-4FA3-4BE2-A2E5-F4FCAED3C64D}.Release|Any CPU.Build.0 = Release|Any CPU
		{82049AFE-0913-4FA4-B924-AD5354952154}.Debug|Any CPU.ActiveCfg = Debug|Any CPU
		{82049AFE-0913-4FA4-B924-AD5354952154}.Debug|Any CPU.Build.0 = Debug|Any CPU
		{82049AFE-0913-4FA4-B924-AD5354952154}.Release|Any CPU.ActiveCfg = Release|Any CPU
		{82049AFE-0913-4FA4-B924-AD5354952154}.Release|Any CPU.Build.0 = Release|Any CPU
		{419EF6DC-7A15-4B50-88A4-E2AEDB73FA7F}.Debug|Any CPU.ActiveCfg = Debug|Any CPU
		{419EF6DC-7A15-4B50-88A4-E2AEDB73FA7F}.Debug|Any CPU.Build.0 = Debug|Any CPU
		{419EF6DC-7A15-4B50-88A4-E2AEDB73FA7F}.Release|Any CPU.ActiveCfg = Release|Any CPU
		{419EF6DC-7A15-4B50-88A4-E2AEDB73FA7F}.Release|Any CPU.Build.0 = Release|Any CPU
		{A15F092D-C6D9-4938-B288-7A8B6CF39A53}.Debug|Any CPU.ActiveCfg = Debug|Any CPU
		{A15F092D-C6D9-4938-B288-7A8B6CF39A53}.Debug|Any CPU.Build.0 = Debug|Any CPU
		{A15F092D-C6D9-4938-B288-7A8B6CF39A53}.Release|Any CPU.ActiveCfg = Release|Any CPU
		{A15F092D-C6D9-4938-B288-7A8B6CF39A53}.Release|Any CPU.Build.0 = Release|Any CPU
		{C039E946-455C-478B-8FA3-733F9E0DF1BD}.Debug|Any CPU.ActiveCfg = Debug|Any CPU
		{C039E946-455C-478B-8FA3-733F9E0DF1BD}.Debug|Any CPU.Build.0 = Debug|Any CPU
		{C039E946-455C-478B-8FA3-733F9E0DF1BD}.Release|Any CPU.ActiveCfg = Release|Any CPU
		{C039E946-455C-478B-8FA3-733F9E0DF1BD}.Release|Any CPU.Build.0 = Release|Any CPU
		{00F36123-EEEC-4428-89BD-848FC968B520}.Debug|Any CPU.ActiveCfg = Debug|Any CPU
		{00F36123-EEEC-4428-89BD-848FC968B520}.Debug|Any CPU.Build.0 = Debug|Any CPU
		{00F36123-EEEC-4428-89BD-848FC968B520}.Release|Any CPU.ActiveCfg = Release|Any CPU
		{00F36123-EEEC-4428-89BD-848FC968B520}.Release|Any CPU.Build.0 = Release|Any CPU
	EndGlobalSection
	GlobalSection(SolutionProperties) = preSolution
		HideSolutionNode = FALSE
	EndGlobalSection
EndGlobal
