
Microsoft Visual Studio Solution File, Format Version 12.00
# Visual Studio Version 16
VisualStudioVersion = 16.0.30114.105
MinimumVisualStudioVersion = 10.0.40219.1
Project("{2150E333-8FDC-42A3-9474-1A3956D46DE8}") = "_others", "_others", "{7FB78A03-3E9B-4E43-9A47-77D868ACCFD9}"
	ProjectSection(SolutionItems) = preProject
		.gitignore = .gitignore
		LICENSE = LICENSE
		nuget\pack.bat = nuget\pack.bat
		nuget\push.bat = nuget\push.bat
		README.md = README.md
		nuget\ZeroFormatter.Analyzer.nuspec = nuget\ZeroFormatter.Analyzer.nuspec
		nuget\ZeroFormatter.Interfaces.nuspec = nuget\ZeroFormatter.Interfaces.nuspec
		nuget\ZeroFormatter.nuspec = nuget\ZeroFormatter.nuspec
		nuget\ZeroFormatter.Unity.nuspec = nuget\ZeroFormatter.Unity.nuspec
	EndProjectSection
EndProject
Project("{2150E333-8FDC-42A3-9474-1A3956D46DE8}") = "src", "src", "{2CE059FD-1C8D-49B7-851E-4A5B385F63D5}"
EndProject
Project("{2150E333-8FDC-42A3-9474-1A3956D46DE8}") = "sandbox", "sandbox", "{F29BFD74-5462-485D-851E-69B683F08C84}"
EndProject
Project("{2150E333-8FDC-42A3-9474-1A3956D46DE8}") = "tests", "tests", "{4A106901-0A11-4D37-B5E6-D4DB7A43C41C}"
EndProject
Project("{FAE04EC0-301F-11D3-BF4B-00C04F79EFBC}") = "ZeroFormatter", "src\ZeroFormatter\ZeroFormatter.csproj", "{82049AFE-0913-4FA4-B924-AD5354952154}"
EndProject
Project("{FAE04EC0-301F-11D3-BF4B-00C04F79EFBC}") = "ZeroFormatter.Analyzer", "src\ZeroFormatter.Analyzer\ZeroFormatter.Analyzer.csproj", "{A15F092D-C6D9-4938-B288-7A8B6CF39A53}"
EndProject
Project("{FAE04EC0-301F-11D3-BF4B-00C04F79EFBC}") = "ZeroFormatter.CodeGenerator", "src\ZeroFormatter.CodeGenerator\ZeroFormatter.CodeGenerator.csproj", "{00F36123-EEEC-4428-89BD-848FC968B520}"
EndProject
Project("{FAE04EC0-301F-11D3-BF4B-00C04F79EFBC}") = "ZeroFormatter.Interfaces", "src\ZeroFormatter.Interfaces\ZeroFormatter.Interfaces.csproj", "{C051F473-427F-4062-94FB-CAE3FA460FC8}"
EndProject
Project("{FAE04EC0-301F-11D3-BF4B-00C04F79EFBC}") = "ZeroFormatter.Tests", "tests\ZeroFormatter.Tests\ZeroFormatter.Tests.csproj", "{419EF6DC-7A15-4B50-88A4-E2AEDB73FA7F}"
EndProject
Project("{FAE04EC0-301F-11D3-BF4B-00C04F79EFBC}") = "Sandbox", "sandbox\Sandbox\Sandbox.csproj", "{C8BA4A0F-5F66-442A-9516-D3E94C1E26F3}"
EndProject
Project("{9A19103F-16F7-4668-BE54-9A1E7A4F7556}") = "ZeroFormatter.Interfaces.NETCore", "src\ZeroFormatter.Interfaces.NETCore\ZeroFormatter.Interfaces.NETCore.csproj", "{E486CA99-A9FC-4B7D-9FB5-38A53C995C87}"
EndProject
Project("{9A19103F-16F7-4668-BE54-9A1E7A4F7556}") = "ZeroFormatter.NETCore", "src\ZeroFormatter.NETCore\ZeroFormatter.NETCore.csproj", "{C6B8E59E-ECF2-4AE9-A8F7-02E9BDAD57EB}"
EndProject
Project("{9A19103F-16F7-4668-BE54-9A1E7A4F7556}") = "Sandbox.NETCore", "sandbox\Sandbox.NETCore\Sandbox.NETCore.csproj", "{105EFFE6-8855-4C8A-B20F-86C9E0AD5842}"
EndProject
Project("{9A19103F-16F7-4668-BE54-9A1E7A4F7556}") = "ZeroFormatter.NETCore.Tests", "tests\ZeroFormatter.NETCore.Tests\ZeroFormatter.NETCore.Tests.csproj", "{0763A385-4EE0-45F3-8B20-0B0A71C74870}"
EndProject
Project("{FAE04EC0-301F-11D3-BF4B-00C04F79EFBC}") = "Sandbox.Shared", "sandbox\Sandbox.Shared\Sandbox.Shared.csproj", "{944F22D3-20B1-4F6D-83FA-9331CD4ADF75}"
EndProject
Project("{FAE04EC0-301F-11D3-BF4B-00C04F79EFBC}") = "PerformanceComparison", "sandbox\PerformanceComparison\PerformanceComparison.csproj", "{0FB6577C-2FCD-430B-8BB3-E4ED0833E8FC}"
EndProject
Global
	GlobalSection(SolutionConfigurationPlatforms) = preSolution
		Debug|Any CPU = Debug|Any CPU
		Release|Any CPU = Release|Any CPU
		Unity|Any CPU = Unity|Any CPU
	EndGlobalSection
	GlobalSection(ProjectConfigurationPlatforms) = postSolution
		{82049AFE-0913-4FA4-B924-AD5354952154}.Debug|Any CPU.ActiveCfg = Debug|Any CPU
		{82049AFE-0913-4FA4-B924-AD5354952154}.Debug|Any CPU.Build.0 = Debug|Any CPU
		{82049AFE-0913-4FA4-B924-AD5354952154}.Release|Any CPU.ActiveCfg = Release|Any CPU
		{82049AFE-0913-4FA4-B924-AD5354952154}.Release|Any CPU.Build.0 = Release|Any CPU
		{82049AFE-0913-4FA4-B924-AD5354952154}.Unity|Any CPU.ActiveCfg = Unity|Any CPU
		{82049AFE-0913-4FA4-B924-AD5354952154}.Unity|Any CPU.Build.0 = Unity|Any CPU
		{A15F092D-C6D9-4938-B288-7A8B6CF39A53}.Debug|Any CPU.ActiveCfg = Debug|Any CPU
		{A15F092D-C6D9-4938-B288-7A8B6CF39A53}.Debug|Any CPU.Build.0 = Debug|Any CPU
		{A15F092D-C6D9-4938-B288-7A8B6CF39A53}.Release|Any CPU.ActiveCfg = Release|Any CPU
		{A15F092D-C6D9-4938-B288-7A8B6CF39A53}.Release|Any CPU.Build.0 = Release|Any CPU
		{A15F092D-C6D9-4938-B288-7A8B6CF39A53}.Unity|Any CPU.ActiveCfg = Unity|Any CPU
		{A15F092D-C6D9-4938-B288-7A8B6CF39A53}.Unity|Any CPU.Build.0 = Unity|Any CPU
		{00F36123-EEEC-4428-89BD-848FC968B520}.Debug|Any CPU.ActiveCfg = Debug|Any CPU
		{00F36123-EEEC-4428-89BD-848FC968B520}.Debug|Any CPU.Build.0 = Debug|Any CPU
		{00F36123-EEEC-4428-89BD-848FC968B520}.Release|Any CPU.ActiveCfg = Release|Any CPU
		{00F36123-EEEC-4428-89BD-848FC968B520}.Release|Any CPU.Build.0 = Release|Any CPU
		{00F36123-EEEC-4428-89BD-848FC968B520}.Unity|Any CPU.ActiveCfg = Unity|Any CPU
		{00F36123-EEEC-4428-89BD-848FC968B520}.Unity|Any CPU.Build.0 = Unity|Any CPU
		{C051F473-427F-4062-94FB-CAE3FA460FC8}.Debug|Any CPU.ActiveCfg = Debug|Any CPU
		{C051F473-427F-4062-94FB-CAE3FA460FC8}.Debug|Any CPU.Build.0 = Debug|Any CPU
		{C051F473-427F-4062-94FB-CAE3FA460FC8}.Release|Any CPU.ActiveCfg = Release|Any CPU
		{C051F473-427F-4062-94FB-CAE3FA460FC8}.Release|Any CPU.Build.0 = Release|Any CPU
		{C051F473-427F-4062-94FB-CAE3FA460FC8}.Unity|Any CPU.ActiveCfg = Unity|Any CPU
		{C051F473-427F-4062-94FB-CAE3FA460FC8}.Unity|Any CPU.Build.0 = Unity|Any CPU
		{419EF6DC-7A15-4B50-88A4-E2AEDB73FA7F}.Debug|Any CPU.ActiveCfg = Debug|Any CPU
		{419EF6DC-7A15-4B50-88A4-E2AEDB73FA7F}.Debug|Any CPU.Build.0 = Debug|Any CPU
		{419EF6DC-7A15-4B50-88A4-E2AEDB73FA7F}.Release|Any CPU.ActiveCfg = Release|Any CPU
		{419EF6DC-7A15-4B50-88A4-E2AEDB73FA7F}.Release|Any CPU.Build.0 = Release|Any CPU
		{419EF6DC-7A15-4B50-88A4-E2AEDB73FA7F}.Unity|Any CPU.ActiveCfg = Unity|Any CPU
		{419EF6DC-7A15-4B50-88A4-E2AEDB73FA7F}.Unity|Any CPU.Build.0 = Unity|Any CPU
		{C8BA4A0F-5F66-442A-9516-D3E94C1E26F3}.Debug|Any CPU.ActiveCfg = Debug|Any CPU
		{C8BA4A0F-5F66-442A-9516-D3E94C1E26F3}.Debug|Any CPU.Build.0 = Debug|Any CPU
		{C8BA4A0F-5F66-442A-9516-D3E94C1E26F3}.Release|Any CPU.ActiveCfg = Release|Any CPU
		{C8BA4A0F-5F66-442A-9516-D3E94C1E26F3}.Release|Any CPU.Build.0 = Release|Any CPU
		{C8BA4A0F-5F66-442A-9516-D3E94C1E26F3}.Unity|Any CPU.ActiveCfg = Unity|Any CPU
		{C8BA4A0F-5F66-442A-9516-D3E94C1E26F3}.Unity|Any CPU.Build.0 = Unity|Any CPU
		{E486CA99-A9FC-4B7D-9FB5-38A53C995C87}.Debug|Any CPU.ActiveCfg = Debug|Any CPU
		{E486CA99-A9FC-4B7D-9FB5-38A53C995C87}.Debug|Any CPU.Build.0 = Debug|Any CPU
		{E486CA99-A9FC-4B7D-9FB5-38A53C995C87}.Release|Any CPU.ActiveCfg = Release|Any CPU
		{E486CA99-A9FC-4B7D-9FB5-38A53C995C87}.Release|Any CPU.Build.0 = Release|Any CPU
		{E486CA99-A9FC-4B7D-9FB5-38A53C995C87}.Unity|Any CPU.ActiveCfg = Release|Any CPU
		{E486CA99-A9FC-4B7D-9FB5-38A53C995C87}.Unity|Any CPU.Build.0 = Release|Any CPU
		{C6B8E59E-ECF2-4AE9-A8F7-02E9BDAD57EB}.Debug|Any CPU.ActiveCfg = Debug|Any CPU
		{C6B8E59E-ECF2-4AE9-A8F7-02E9BDAD57EB}.Debug|Any CPU.Build.0 = Debug|Any CPU
		{C6B8E59E-ECF2-4AE9-A8F7-02E9BDAD57EB}.Release|Any CPU.ActiveCfg = Release|Any CPU
		{C6B8E59E-ECF2-4AE9-A8F7-02E9BDAD57EB}.Release|Any CPU.Build.0 = Release|Any CPU
		{C6B8E59E-ECF2-4AE9-A8F7-02E9BDAD57EB}.Unity|Any CPU.ActiveCfg = Release|Any CPU
		{C6B8E59E-ECF2-4AE9-A8F7-02E9BDAD57EB}.Unity|Any CPU.Build.0 = Release|Any CPU
		{105EFFE6-8855-4C8A-B20F-86C9E0AD5842}.Debug|Any CPU.ActiveCfg = Debug|Any CPU
		{105EFFE6-8855-4C8A-B20F-86C9E0AD5842}.Debug|Any CPU.Build.0 = Debug|Any CPU
		{105EFFE6-8855-4C8A-B20F-86C9E0AD5842}.Release|Any CPU.ActiveCfg = Release|Any CPU
		{105EFFE6-8855-4C8A-B20F-86C9E0AD5842}.Release|Any CPU.Build.0 = Release|Any CPU
		{105EFFE6-8855-4C8A-B20F-86C9E0AD5842}.Unity|Any CPU.ActiveCfg = Release|Any CPU
		{105EFFE6-8855-4C8A-B20F-86C9E0AD5842}.Unity|Any CPU.Build.0 = Release|Any CPU
		{0763A385-4EE0-45F3-8B20-0B0A71C74870}.Debug|Any CPU.ActiveCfg = Debug|Any CPU
		{0763A385-4EE0-45F3-8B20-0B0A71C74870}.Debug|Any CPU.Build.0 = Debug|Any CPU
		{0763A385-4EE0-45F3-8B20-0B0A71C74870}.Release|Any CPU.ActiveCfg = Release|Any CPU
		{0763A385-4EE0-45F3-8B20-0B0A71C74870}.Release|Any CPU.Build.0 = Release|Any CPU
		{0763A385-4EE0-45F3-8B20-0B0A71C74870}.Unity|Any CPU.ActiveCfg = Release|Any CPU
		{0763A385-4EE0-45F3-8B20-0B0A71C74870}.Unity|Any CPU.Build.0 = Release|Any CPU
		{944F22D3-20B1-4F6D-83FA-9331CD4ADF75}.Debug|Any CPU.ActiveCfg = Debug|Any CPU
		{944F22D3-20B1-4F6D-83FA-9331CD4ADF75}.Debug|Any CPU.Build.0 = Debug|Any CPU
		{944F22D3-20B1-4F6D-83FA-9331CD4ADF75}.Release|Any CPU.ActiveCfg = Release|Any CPU
		{944F22D3-20B1-4F6D-83FA-9331CD4ADF75}.Release|Any CPU.Build.0 = Release|Any CPU
		{944F22D3-20B1-4F6D-83FA-9331CD4ADF75}.Unity|Any CPU.ActiveCfg = Unity|Any CPU
		{944F22D3-20B1-4F6D-83FA-9331CD4ADF75}.Unity|Any CPU.Build.0 = Unity|Any CPU
		{0FB6577C-2FCD-430B-8BB3-E4ED0833E8FC}.Debug|Any CPU.ActiveCfg = Debug|Any CPU
		{0FB6577C-2FCD-430B-8BB3-E4ED0833E8FC}.Debug|Any CPU.Build.0 = Debug|Any CPU
		{0FB6577C-2FCD-430B-8BB3-E4ED0833E8FC}.Release|Any CPU.ActiveCfg = Release|Any CPU
		{0FB6577C-2FCD-430B-8BB3-E4ED0833E8FC}.Release|Any CPU.Build.0 = Release|Any CPU
		{0FB6577C-2FCD-430B-8BB3-E4ED0833E8FC}.Unity|Any CPU.ActiveCfg = Release|Any CPU
		{0FB6577C-2FCD-430B-8BB3-E4ED0833E8FC}.Unity|Any CPU.Build.0 = Release|Any CPU
	EndGlobalSection
	GlobalSection(SolutionProperties) = preSolution
		HideSolutionNode = FALSE
	EndGlobalSection
	GlobalSection(NestedProjects) = preSolution
		{82049AFE-0913-4FA4-B924-AD5354952154} = {2CE059FD-1C8D-49B7-851E-4A5B385F63D5}
		{A15F092D-C6D9-4938-B288-7A8B6CF39A53} = {2CE059FD-1C8D-49B7-851E-4A5B385F63D5}
		{00F36123-EEEC-4428-89BD-848FC968B520} = {2CE059FD-1C8D-49B7-851E-4A5B385F63D5}
		{C051F473-427F-4062-94FB-CAE3FA460FC8} = {2CE059FD-1C8D-49B7-851E-4A5B385F63D5}
		{419EF6DC-7A15-4B50-88A4-E2AEDB73FA7F} = {4A106901-0A11-4D37-B5E6-D4DB7A43C41C}
		{C8BA4A0F-5F66-442A-9516-D3E94C1E26F3} = {F29BFD74-5462-485D-851E-69B683F08C84}
		{E486CA99-A9FC-4B7D-9FB5-38A53C995C87} = {2CE059FD-1C8D-49B7-851E-4A5B385F63D5}
		{C6B8E59E-ECF2-4AE9-A8F7-02E9BDAD57EB} = {2CE059FD-1C8D-49B7-851E-4A5B385F63D5}
		{105EFFE6-8855-4C8A-B20F-86C9E0AD5842} = {F29BFD74-5462-485D-851E-69B683F08C84}
		{0763A385-4EE0-45F3-8B20-0B0A71C74870} = {4A106901-0A11-4D37-B5E6-D4DB7A43C41C}
		{944F22D3-20B1-4F6D-83FA-9331CD4ADF75} = {F29BFD74-5462-485D-851E-69B683F08C84}
		{0FB6577C-2FCD-430B-8BB3-E4ED0833E8FC} = {F29BFD74-5462-485D-851E-69B683F08C84}
	EndGlobalSection
	GlobalSection(ExtensibilityGlobals) = postSolution
		SolutionGuid = {0AB5A5A6-CB00-4268-BC91-C53DC53CC054}
	EndGlobalSection
EndGlobal
