
Microsoft Visual Studio Solution File, Format Version 12.00
# Visual Studio 2015
Project("{FAE04EC0-301F-11D3-BF4B-00C04F79EFBC}") = "ZeroFormatter.UnityTests.CSharp", "ZeroFormatter.UnityTests.CSharp.csproj", "{5B7112AD-AFC5-CE09-8B76-781C0B4AA0F6}"
EndProject
Global
	GlobalSection(SolutionConfigurationPlatforms) = preSolution
		Debug|Any CPU = Debug|Any CPU
		Release|Any CPU = Release|Any CPU
	EndGlobalSection
	GlobalSection(ProjectConfigurationPlatforms) = postSolution
		{5B7112AD-AFC5-CE09-8B76-781C0B4AA0F6}.Debug|Any CPU.ActiveCfg = Debug|Any CPU
		{5B7112AD-AFC5-CE09-8B76-781C0B4AA0F6}.Debug|Any CPU.Build.0 = Debug|Any CPU
		{5B7112AD-AFC5-CE09-8B76-781C0B4AA0F6}.Release|Any CPU.ActiveCfg = Release|Any CPU
		{5B7112AD-AFC5-CE09-8B76-781C0B4AA0F6}.Release|Any CPU.Build.0 = Release|Any CPU
	EndGlobalSection
	GlobalSection(SolutionProperties) = preSolution
		HideSolutionNode = FALSE
	EndGlobalSection
EndGlobal
